
Microsoft Visual Studio Solution File, Format Version 12.00
# Visual Studio Version 17
VisualStudioVersion = 17.0.31903.59
MinimumVisualStudioVersion = 10.0.40219.1
Project("{2150E333-8FDC-42A3-9474-1A3956D46DE8}") = "src", "src", "{827E0CD3-B72D-47B6-A68D-7590B98EB39B}"
EndProject
Project("{FAE04EC0-301F-11D3-BF4B-00C04F79EFBC}") = "Moongazing.OrionStream", "src\Moongazing.OrionStream\Moongazing.OrionStream.csproj", "{8C906169-0BC5-43FE-AFC2-E33C8265EC0F}"
EndProject
Project("{2150E333-8FDC-42A3-9474-1A3956D46DE8}") = "tests", "tests", "{0AB3BF05-4346-4AA6-1389-037BE0695223}"
EndProject
Project("{FAE04EC0-301F-11D3-BF4B-00C04F79EFBC}") = "Moongazing.OrionStream.Tests", "tests\Moongazing.OrionStream.Tests\Moongazing.OrionStream.Tests.csproj", "{895ED119-AC65-42AB-A0CB-03CD21EA617B}"
EndProject
Project("{2150E333-8FDC-42A3-9474-1A3956D46DE8}") = "benchmarks", "benchmarks", "{66320409-64EC-F7C5-3DEF-65E7510DAAD1}"
EndProject
Project("{FAE04EC0-301F-11D3-BF4B-00C04F79EFBC}") = "Moongazing.OrionStream.Benchmarks", "benchmarks\Moongazing.OrionStream.Benchmarks\Moongazing.OrionStream.Benchmarks.csproj", "{43579998-CE63-484B-A44B-0815A0A50969}"
EndProject
Global
	GlobalSection(SolutionConfigurationPlatforms) = preSolution
		Debug|Any CPU = Debug|Any CPU
		Debug|x64 = Debug|x64
		Debug|x86 = Debug|x86
		Release|Any CPU = Release|Any CPU
		Release|x64 = Release|x64
		Release|x86 = Release|x86
	EndGlobalSection
	GlobalSection(ProjectConfigurationPlatforms) = postSolution
		{8C906169-0BC5-43FE-AFC2-E33C8265EC0F}.Debug|Any CPU.ActiveCfg = Debug|Any CPU
		{8C906169-0BC5-43FE-AFC2-E33C8265EC0F}.Debug|Any CPU.Build.0 = Debug|Any CPU
		{8C906169-0BC5-43FE-AFC2-E33C8265EC0F}.Debug|x64.ActiveCfg = Debug|Any CPU
		{8C906169-0BC5-43FE-AFC2-E33C8265EC0F}.Debug|x64.Build.0 = Debug|Any CPU
		{8C906169-0BC5-43FE-AFC2-E33C8265EC0F}.Debug|x86.ActiveCfg = Debug|Any CPU
		{8C906169-0BC5-43FE-AFC2-E33C8265EC0F}.Debug|x86.Build.0 = Debug|Any CPU
		{8C906169-0BC5-43FE-AFC2-E33C8265EC0F}.Release|Any CPU.ActiveCfg = Release|Any CPU
		{8C906169-0BC5-43FE-AFC2-E33C8265EC0F}.Release|Any CPU.Build.0 = Release|Any CPU
		{8C906169-0BC5-43FE-AFC2-E33C8265EC0F}.Release|x64.ActiveCfg = Release|Any CPU
		{8C906169-0BC5-43FE-AFC2-E33C8265EC0F}.Release|x64.Build.0 = Release|Any CPU
		{8C906169-0BC5-43FE-AFC2-E33C8265EC0F}.Release|x86.ActiveCfg = Release|Any CPU
		{8C906169-0BC5-43FE-AFC2-E33C8265EC0F}.Release|x86.Build.0 = Release|Any CPU
		{895ED119-AC65-42AB-A0CB-03CD21EA617B}.Debug|Any CPU.ActiveCfg = Debug|Any CPU
		{895ED119-AC65-42AB-A0CB-03CD21EA617B}.Debug|Any CPU.Build.0 = Debug|Any CPU
		{895ED119-AC65-42AB-A0CB-03CD21EA617B}.Debug|x64.ActiveCfg = Debug|Any CPU
		{895ED119-AC65-42AB-A0CB-03CD21EA617B}.Debug|x64.Build.0 = Debug|Any CPU
		{895ED119-AC65-42AB-A0CB-03CD21EA617B}.Debug|x86.ActiveCfg = Debug|Any CPU
		{895ED119-AC65-42AB-A0CB-03CD21EA617B}.Debug|x86.Build.0 = Debug|Any CPU
		{895ED119-AC65-42AB-A0CB-03CD21EA617B}.Release|Any CPU.ActiveCfg = Release|Any CPU
		{895ED119-AC65-42AB-A0CB-03CD21EA617B}.Release|Any CPU.Build.0 = Release|Any CPU
		{895ED119-AC65-42AB-A0CB-03CD21EA617B}.Release|x64.ActiveCfg = Release|Any CPU
		{895ED119-AC65-42AB-A0CB-03CD21EA617B}.Release|x64.Build.0 = Release|Any CPU
		{895ED119-AC65-42AB-A0CB-03CD21EA617B}.Release|x86.ActiveCfg = Release|Any CPU
		{895ED119-AC65-42AB-A0CB-03CD21EA617B}.Release|x86.Build.0 = Release|Any CPU
		{43579998-CE63-484B-A44B-0815A0A50969}.Debug|Any CPU.ActiveCfg = Debug|Any CPU
		{43579998-CE63-484B-A44B-0815A0A50969}.Debug|Any CPU.Build.0 = Debug|Any CPU
		{43579998-CE63-484B-A44B-0815A0A50969}.Debug|x64.ActiveCfg = Debug|Any CPU
		{43579998-CE63-484B-A44B-0815A0A50969}.Debug|x64.Build.0 = Debug|Any CPU
		{43579998-CE63-484B-A44B-0815A0A50969}.Debug|x86.ActiveCfg = Debug|Any CPU
		{43579998-CE63-484B-A44B-0815A0A50969}.Debug|x86.Build.0 = Debug|Any CPU
		{43579998-CE63-484B-A44B-0815A0A50969}.Release|Any CPU.ActiveCfg = Release|Any CPU
		{43579998-CE63-484B-A44B-0815A0A50969}.Release|Any CPU.Build.0 = Release|Any CPU
		{43579998-CE63-484B-A44B-0815A0A50969}.Release|x64.ActiveCfg = Release|Any CPU
		{43579998-CE63-484B-A44B-0815A0A50969}.Release|x64.Build.0 = Release|Any CPU
		{43579998-CE63-484B-A44B-0815A0A50969}.Release|x86.ActiveCfg = Release|Any CPU
		{43579998-CE63-484B-A44B-0815A0A50969}.Release|x86.Build.0 = Release|Any CPU
	EndGlobalSection
	GlobalSection(SolutionProperties) = preSolution
		HideSolutionNode = FALSE
	EndGlobalSection
	GlobalSection(NestedProjects) = preSolution
		{8C906169-0BC5-43FE-AFC2-E33C8265EC0F} = {827E0CD3-B72D-47B6-A68D-7590B98EB39B}
		{895ED119-AC65-42AB-A0CB-03CD21EA617B} = {0AB3BF05-4346-4AA6-1389-037BE0695223}
		{43579998-CE63-484B-A44B-0815A0A50969} = {66320409-64EC-F7C5-3DEF-65E7510DAAD1}
	EndGlobalSection
EndGlobal
